{
    "_meta": {
        "hash": {
            "sha256": "285ff91d493c24ef8de2014968eeb00030563119e086eeb0a9bfa5be82adc0ba"
        },
        "pipfile-spec": 6,
        "requires": {
            "python_version": "3.6.5"
        },
        "sources": [
            {
                "name": "pypi",
                "url": "https://pypi.org/simple",
                "verify_ssl": true
            }
        ]
    },
    "default": {
        "amqp": {
            "hashes": [
                "sha256:073dd02fdd73041bffc913b767866015147b61f2a9bc104daef172fc1a0066eb",
                "sha256:eed41946890cd43e8dee44a316b85cf6fee5a1a34bb4a562b660a358eb529e1b"
            ],
            "version": "==2.3.2"
        },
        "appdirs": {
            "hashes": [
                "sha256:9e5896d1372858f8dd3344faf4e5014d21849c756c8d5701f78f8a103b372d92",
                "sha256:d8b24664561d0d34ddfaec54636d502d7cea6e29c3eaf68f3df6180863e2166e"
            ],
            "version": "==1.4.3"
        },
        "attrs": {
            "hashes": [
                "sha256:4b90b09eeeb9b88c35bc642cbac057e45a5fd85367b985bd2809c62b7b939265",
                "sha256:e0d0eb91441a3b53dab4d9b743eafc1ac44476296a2053b6ca3af0b139faf87b"
            ],
            "version": "==18.1.0"
        },
        "black": {
            "hashes": [
                "sha256:22158b89c1a6b4eb333a1e65e791a3f8b998cf3b11ae094adb2570f31f769a44",
                "sha256:4b475bbd528acce094c503a3d2dbc2d05a4075f6d0ef7d9e7514518e14cc5191"
            ],
            "index": "pypi",
            "version": "==18.6b4"
        },
        "certifi": {
            "hashes": [
                "sha256:4c1d68a1408dd090d2f3a869aa94c3947cc1d967821d1ed303208c9f41f0f2f4",
                "sha256:b6e8b28b2b7e771a41ecdd12d4d43262ecab52adebbafa42c77d6b57fb6ad3a4"
            ],
            "version": "==2018.8.13"
        },
        "chardet": {
            "hashes": [
                "sha256:84ab92ed1c4d4f16916e05906b6b75a6c0fb5db821cc65e70cbd64a3e2a5eaae",
                "sha256:fc323ffcaeaed0e0a02bf4d117757b98aed530d9ed4531e3e15460124c106691"
            ],
            "version": "==3.0.4"
        },
        "click": {
            "hashes": [
                "sha256:29f99fc6125fbc931b758dc053b3114e55c77a6e4c6c3a2674a2dc986016381d",
                "sha256:f15516df478d5a56180fbf80e68f206010e6d160fc39fa508b65e035fd75130b"
            ],
            "index": "pypi",
            "version": "==6.7"
        },
        "datadog": {
            "hashes": [
                "sha256:86cef95acd73543d18c417f1b0313c0a7274ed8f5ae9cceb46314f4e588085b1"
            ],
            "index": "pypi",
            "version": "==0.22.0"
        },
        "dateparser": {
            "hashes": [
                "sha256:940828183c937bcec530753211b70f673c0a9aab831e43273489b310538dff86",
                "sha256:b452ef8b36cd78ae86a50721794bc674aa3994e19b570f7ba92810f4e0a2ae03"
            ],
            "version": "==0.7.0"
        },
        "decorator": {
            "hashes": [
                "sha256:2c51dff8ef3c447388fe5e4453d24a2bf128d3a4c32af3fabef1f01c6851ab82",
                "sha256:c39efa13fbdeb4506c476c9b3babf6a718da943dab7811c206005a4a956c080c"
            ],
            "version": "==4.3.0"
        },
        "humanize": {
            "hashes": [
                "sha256:a43f57115831ac7c70de098e6ac46ac13be00d69abbf60bdcac251344785bb19"
            ],
            "version": "==0.5.1"
        },
        "idna": {
            "hashes": [
                "sha256:156a6814fb5ac1fc6850fb002e0852d56c0c8d2531923a51032d1b70760e186e",
                "sha256:684a38a6f903c1d71d6d5fac066b58d7768af4de2b832e426ec79c30daa94a16"
            ],
            "version": "==2.7"
        },
        "kombu": {
            "hashes": [
                "sha256:86adec6c60f63124e2082ea8481bbe4ebe04fde8ebed32c177c7f0cd2c1c9082",
                "sha256:b274db3a4eacc4789aeb24e1de3e460586db7c4fc8610f7adcc7a3a1709a60af"
            ],
            "index": "pypi",
            "version": "==4.2.1"
        },
        "maya": {
            "hashes": [
                "sha256:6f63bc69aa77309fc220bc02618da8701a21da87c2e7a747ee5ccd56a907c3a5",
                "sha256:f526bc8596d993f4bd9755668f66aaf61d635bb4149e084d4a2bc0ebe42aa0b6"
            ],
            "index": "pypi",
            "version": "==0.5.0"
        },
        "pendulum": {
            "hashes": [
                "sha256:4173ce3e81ad0d9d61dbce86f4286c43a26a398270df6a0a89f501f0c28ad27d",
                "sha256:56a347d0457859c84b8cdba161fc37c7df5db9b3becec7881cd770e9d2058b3c",
                "sha256:738878168eb26e5446da5d1f7b3312ae993a542061be8882099c00ef4866b1a2",
                "sha256:95536b33ae152e3c831eb236c1bf9ac9dcfb3b5b98fdbe8e9e601eab6c373897",
                "sha256:c04fcf955e622e97e405e5f6d1b1f4a7adc69d79d82f3609643de69283170d6d",
                "sha256:dd6500d27bb7ccc029d497da4f9bd09549bd3c0ea276dad894ea2fdf309e83f3",
                "sha256:ddaf97a061eb5e2ae37857a8cb548e074125017855690d20e443ad8d9f31e164",
                "sha256:e7df37447824f9af0b58c7915a4caf349926036afd86ad38e7529a6b2f8fc34b",
                "sha256:e9732b8bb214fad2c72ddcbfec07542effa8a8b704e174347ede1ff8dc679cce",
                "sha256:f4eee1e1735487d9d25cc435c519fd4380cb1f82cde3ebad1efbc2fc30deca5b"
            ],
            "version": "==1.5.1"
        },
        "python-dateutil": {
            "hashes": [
                "sha256:1adb80e7a782c12e52ef9a8182bebeb73f1d7e24e374397af06fb4956c8dc5c0",
                "sha256:e27001de32f627c22380a688bcc43ce83504a7bc5da472209b4c70f02829f0b8"
            ],
            "version": "==2.7.3"
        },
        "pytz": {
            "hashes": [
                "sha256:a061aa0a9e06881eb8b3b2b43f05b9439d6583c206d0a6c340ff72a7b6669053",
                "sha256:ffb9ef1de172603304d9d2819af6f5ece76f2e85ec10692a524dd876e72bf277"
            ],
            "version": "==2018.5"
        },
        "pytzdata": {
            "hashes": [
                "sha256:1d936da41ee06216d89fdc7ead1ee9a5da2811a8787515a976b646e110c3f622",
                "sha256:e4ef42e82b0b493c5849eed98b5ab49d6767caf982127e9a33167f1153b36cc5"
            ],
            "markers": "python_version >= '2.7' and python_version != '3.3.*' and python_version != '3.1.*' and python_version != '3.0.*' and python_version != '3.2.*'",
            "version": "==2018.5"
        },
        "regex": {
            "hashes": [
                "sha256:060bf5f9c0311794bde90294b858830684861aee9c1f22ef5ce20d8fabf05a4e",
                "sha256:0f7cbe57eed5429b8f4295b338ab6492338ec9793e363216bdfba905ae82c7c0",
                "sha256:19a76b228cbf13024bbe098da8563fc5f4831271531d5e4d9d289c68c1b01233",
                "sha256:22cdfa574fa85bf536ed9197a9796962e1c131c736fc0aa9dd24045f3e333304",
                "sha256:4d3323f434782185d0b89f34ba6c125f19e3bfe5e099a72c1e33e7cfd43013d2",
                "sha256:56494baf1ed525deea426d3676b1ae3fdcc906b55eccfcb4ea928453e11f2a43",
                "sha256:5c896c51b06c96d9d5e1c41495fd0fbe92f711225b889e2faef534f0a697f0db",
                "sha256:5f1838807ced5c5fa011e3f935568ff59e0b2e6c83119668b961e3bb383e12f6",
                "sha256:5f3ab6220d9c191392563c9727552fd3c1f3a3566180a64717d37554ad7414b7",
                "sha256:7c90d56daeb64371670e528bd08a6e722a025a508effa84842d6c66727e7e422",
                "sha256:98179516aa75ef0e9ecbda8cd4b14f6e4186e32da3fc21466edd25c917fd8110",
                "sha256:c7a5613e903937c73d02f9b3b4b4dce0275fd6909295939a9f3ea50dbf6a2d4e",
                "sha256:d8945dba30c1070c398ad2e0356aa0dd55d87129fa9bac2cd885ca95ff92a555",
                "sha256:e45c34102da4621eee9fc25df1651129ab3adcc1f754bb77ea329aea39c2288c",
                "sha256:eb5a96f142f0bb4ac37b8e8a334c234c48b571324b385cf2d66a84522d5ec075"
            ],
            "version": "==2018.8.17"
        },
        "requests": {
            "hashes": [
                "sha256:63b52e3c866428a224f97cab011de738c36aec0185aa91cfacd418b5d58911d1",
                "sha256:ec22d826a36ed72a7358ff3fe56cbd4ba69dd7a6718ffd450ff0e9df7a47ce6a"
            ],
            "index": "pypi",
            "version": "==2.19.1"
        },
        "simplejson": {
            "hashes": [
                "sha256:067a7177ddfa32e1483ba5169ebea1bc2ea27f224853211ca669325648ca5642",
                "sha256:2fc546e6af49fb45b93bbe878dea4c48edc34083729c0abd09981fe55bdf7f91",
                "sha256:354fa32b02885e6dae925f1b5bbf842c333c1e11ea5453ddd67309dc31fdb40a",
                "sha256:37e685986cf6f8144607f90340cff72d36acf654f3653a6c47b84c5c38d00df7",
                "sha256:3af610ee72efbe644e19d5eaad575c73fb83026192114e5f6719f4901097fce2",
                "sha256:3b919fc9cf508f13b929a9b274c40786036b31ad28657819b3b9ba44ba651f50",
                "sha256:3dd289368bbd064974d9a5961101f080e939cbe051e6689a193c99fb6e9ac89b",
                "sha256:6c3258ffff58712818a233b9737fe4be943d306c40cf63d14ddc82ba563f483a",
                "sha256:75e3f0b12c28945c08f54350d91e624f8dd580ab74fd4f1bbea54bc6b0165610",
                "sha256:b1f329139ba647a9548aa05fb95d046b4a677643070dc2afc05fa2e975d09ca5",
                "sha256:ee9625fc8ee164902dfbb0ff932b26df112da9f871c32f0f9c1bcf20c350fe2a",
                "sha256:fb2530b53c28f0d4d84990e945c2ebb470edb469d63e389bf02ff409012fe7c5"
            ],
            "version": "==3.16.0"
        },
        "six": {
            "hashes": [
                "sha256:70e8a77beed4562e7f14fe23a786b54f6296e34344c23bc42f07b15018ff98e9",
                "sha256:832dc0e10feb1aa2c68dcc57dbb658f1c7e65b9b61af69048abc87a2db00a0eb"
            ],
            "version": "==1.11.0"
        },
        "snaptime": {
            "hashes": [
                "sha256:e3f1eb89043d58d30721ab98cb65023f1a4c2740e3b197704298b163c92d508b"
            ],
            "version": "==0.2.4"
        },
        "toml": {
            "hashes": [
                "sha256:8e86bd6ce8cc11b9620cb637466453d94f5d57ad86f17e98a98d1f73e3baab2d"
            ],
            "version": "==0.9.4"
        },
        "tzlocal": {
            "hashes": [
                "sha256:4ebeb848845ac898da6519b9b31879cf13b6626f7184c496037b818e238f2c4e"
            ],
            "index": "pypi",
            "version": "==1.5.1"
        },
        "urllib3": {
            "hashes": [
                "sha256:a68ac5e15e76e7e5dd2b8f94007233e01effe3e50e8daddf69acfd81cb686baf",
                "sha256:b5725a0bd4ba422ab0e66e89e030c806576753ea3ee08554382c14e685d117b5"
            ],
            "markers": "python_version < '4' and python_version != '3.3.*' and python_version >= '2.6' and python_version != '3.1.*' and python_version != '3.0.*' and python_version != '3.2.*'",
            "version": "==1.23"
        },
        "vine": {
            "hashes": [
                "sha256:52116d59bc45392af9fdd3b75ed98ae48a93e822cee21e5fda249105c59a7a72",
                "sha256:6849544be74ec3638e84d90bc1cf2e1e9224cc10d96cd4383ec3f69e9bce077b"
            ],
            "version": "==1.1.4"
        }
    },
    "develop": {
        "appdirs": {
            "hashes": [
                "sha256:9e5896d1372858f8dd3344faf4e5014d21849c756c8d5701f78f8a103b372d92",
                "sha256:d8b24664561d0d34ddfaec54636d502d7cea6e29c3eaf68f3df6180863e2166e"
            ],
            "version": "==1.4.3"
        },
        "atomicwrites": {
            "hashes": [
                "sha256:240831ea22da9ab882b551b31d4225591e5e447a68c5e188db5b89ca1d487585",
                "sha256:a24da68318b08ac9c9c45029f4a10371ab5b20e4226738e150e6e7c571630ae6"
            ],
            "version": "==1.1.5"
        },
        "attrs": {
            "hashes": [
                "sha256:4b90b09eeeb9b88c35bc642cbac057e45a5fd85367b985bd2809c62b7b939265",
                "sha256:e0d0eb91441a3b53dab4d9b743eafc1ac44476296a2053b6ca3af0b139faf87b"
            ],
            "version": "==18.1.0"
        },
        "black": {
            "hashes": [
                "sha256:22158b89c1a6b4eb333a1e65e791a3f8b998cf3b11ae094adb2570f31f769a44",
                "sha256:4b475bbd528acce094c503a3d2dbc2d05a4075f6d0ef7d9e7514518e14cc5191"
            ],
            "index": "pypi",
            "version": "==18.6b4"
        },
        "click": {
            "hashes": [
                "sha256:29f99fc6125fbc931b758dc053b3114e55c77a6e4c6c3a2674a2dc986016381d",
                "sha256:f15516df478d5a56180fbf80e68f206010e6d160fc39fa508b65e035fd75130b"
            ],
            "index": "pypi",
            "version": "==6.7"
        },
        "more-itertools": {
            "hashes": [
                "sha256:c187a73da93e7a8acc0001572aebc7e3c69daf7bf6881a2cea10650bd4420092",
                "sha256:c476b5d3a34e12d40130bc2f935028b5f636df8f372dc2c1c01dc19681b2039e",
                "sha256:fcbfeaea0be121980e15bc97b3817b5202ca73d0eae185b4550cbfce2a3ebb3d"
            ],
            "version": "==4.3.0"
        },
        "pluggy": {
            "hashes": [
                "sha256:6e3836e39f4d36ae72840833db137f7b7d35105079aee6ec4a62d9f80d594dd1",
                "sha256:95eb8364a4708392bae89035f45341871286a333f749c3141c20573d2b3876e1"
            ],
            "markers": "python_version != '3.0.*' and python_version != '3.3.*' and python_version != '3.1.*' and python_version >= '2.7' and python_version != '3.2.*'",
            "version": "==0.7.1"
        },
        "py": {
            "hashes": [
                "sha256:3fd59af7435864e1a243790d322d763925431213b6b8529c6ca71081ace3bbf7",
                "sha256:e31fb2767eb657cbde86c454f02e99cb846d3cd9d61b318525140214fdc0e98e"
            ],
            "markers": "python_version != '3.0.*' and python_version != '3.3.*' and python_version != '3.1.*' and python_version >= '2.7' and python_version != '3.2.*'",
            "version": "==1.5.4"
        },
        "pytest": {
            "hashes": [
                "sha256:3459a123ad5532852d36f6f4501dfe1acf4af1dd9541834a164666aa40395b02",
                "sha256:96bfd45dbe863b447a3054145cd78a9d7f31475d2bce6111b133c0cc4f305118"
            ],
            "index": "pypi",
            "version": "==3.7.2"
        },
        "six": {
            "hashes": [
                "sha256:70e8a77beed4562e7f14fe23a786b54f6296e34344c23bc42f07b15018ff98e9",
                "sha256:832dc0e10feb1aa2c68dcc57dbb658f1c7e65b9b61af69048abc87a2db00a0eb"
            ],
            "version": "==1.11.0"
        },
        "toml": {
            "hashes": [
                "sha256:8e86bd6ce8cc11b9620cb637466453d94f5d57ad86f17e98a98d1f73e3baab2d"
            ],
            "version": "==0.9.4"
        }
    }
}
